
Microsoft Visual Studio Solution File, Format Version 12.00
# Visual Studio Version 17
VisualStudioVersion = 17.9.34728.123
MinimumVisualStudioVersion = 10.0.40219.1
Project("{FAE04EC0-301F-11D3-BF4B-00C04F79EFBC}") = "JOGO SORTEAR - 20-06-2024", "JOGO SORTEAR - 20-06-2024\JOGO SORTEAR - 20-06-2024.csproj", "{826E9497-E545-4939-87E2-076D753D5421}"
EndProject
Global
	GlobalSection(SolutionConfigurationPlatforms) = preSolution
		Debug|Any CPU = Debug|Any CPU
		Release|Any CPU = Release|Any CPU
	EndGlobalSection
	GlobalSection(ProjectConfigurationPlatforms) = postSolution
		{826E9497-E545-4939-87E2-076D753D5421}.Debug|Any CPU.ActiveCfg = Debug|Any CPU
		{826E9497-E545-4939-87E2-076D753D5421}.Debug|Any CPU.Build.0 = Debug|Any CPU
		{826E9497-E545-4939-87E2-076D753D5421}.Release|Any CPU.ActiveCfg = Release|Any CPU
		{826E9497-E545-4939-87E2-076D753D5421}.Release|Any CPU.Build.0 = Release|Any CPU
	EndGlobalSection
	GlobalSection(SolutionProperties) = preSolution
		HideSolutionNode = FALSE
	EndGlobalSection
	GlobalSection(ExtensibilityGlobals) = postSolution
		SolutionGuid = {AD22A66C-0BC0-4B87-844B-D56746561792}
	EndGlobalSection
EndGlobal
